
Microsoft Visual Studio Solution File, Format Version 12.00
# Visual Studio 15
VisualStudioVersion = 15.0.28010.2041
MinimumVisualStudioVersion = 10.0.40219.1
Project("{FAE04EC0-301F-11D3-BF4B-00C04F79EFBC}") = "RPGConsoleGame", "RPGConsoleGame\RPGConsoleGame.csproj", "{FE70C500-2411-4FD4-9E54-E8C35F066F00}"
EndProject
Global
	GlobalSection(SolutionConfigurationPlatforms) = preSolution
		Debug|Any CPU = Debug|Any CPU
		Release|Any CPU = Release|Any CPU
	EndGlobalSection
	GlobalSection(ProjectConfigurationPlatforms) = postSolution
		{FE70C500-2411-4FD4-9E54-E8C35F066F00}.Debug|Any CPU.ActiveCfg = Debug|Any CPU
		{FE70C500-2411-4FD4-9E54-E8C35F066F00}.Debug|Any CPU.Build.0 = Debug|Any CPU
		{FE70C500-2411-4FD4-9E54-E8C35F066F00}.Release|Any CPU.ActiveCfg = Release|Any CPU
		{FE70C500-2411-4FD4-9E54-E8C35F066F00}.Release|Any CPU.Build.0 = Release|Any CPU
	EndGlobalSection
	GlobalSection(SolutionProperties) = preSolution
		HideSolutionNode = FALSE
	EndGlobalSection
	GlobalSection(ExtensibilityGlobals) = postSolution
		SolutionGuid = {90EB3FE4-3FD7-44EC-ABB3-2BDE08288C97}
	EndGlobalSection
EndGlobal
